
Microsoft Visual Studio Solution File, Format Version 12.00
# Visual Studio Version 17
VisualStudioVersion = 17.4.33403.182
MinimumVisualStudioVersion = 10.0.40219.1
Project("{FAE04EC0-301F-11D3-BF4B-00C04F79EFBC}") = "PHAMVANTHANH2011064477", "PHAMVANTHANH2011064477\PHAMVANTHANH2011064477.csproj", "{814DC396-F60C-4A30-A654-82334650631B}"
EndProject
Global
	GlobalSection(SolutionConfigurationPlatforms) = preSolution
		Debug|Any CPU = Debug|Any CPU
		Release|Any CPU = Release|Any CPU
	EndGlobalSection
	GlobalSection(ProjectConfigurationPlatforms) = postSolution
		{814DC396-F60C-4A30-A654-82334650631B}.Debug|Any CPU.ActiveCfg = Debug|Any CPU
		{814DC396-F60C-4A30-A654-82334650631B}.Debug|Any CPU.Build.0 = Debug|Any CPU
		{814DC396-F60C-4A30-A654-82334650631B}.Release|Any CPU.ActiveCfg = Release|Any CPU
		{814DC396-F60C-4A30-A654-82334650631B}.Release|Any CPU.Build.0 = Release|Any CPU
	EndGlobalSection
	GlobalSection(SolutionProperties) = preSolution
		HideSolutionNode = FALSE
	EndGlobalSection
	GlobalSection(ExtensibilityGlobals) = postSolution
		SolutionGuid = {CA880064-2700-42FF-AA1F-8A54E629773D}
	EndGlobalSection
EndGlobal
